
Microsoft Visual Studio Solution File, Format Version 12.00
# Visual Studio Version 17
VisualStudioVersion = 17.0.31903.59
MinimumVisualStudioVersion = 10.0.40219.1
Project("{2150E333-8FDC-42A3-9474-1A3956D46DE8}") = "src", "src", "{827E0CD3-B72D-47B6-A68D-7590B98EB39B}"
EndProject
Project("{FAE04EC0-301F-11D3-BF4B-00C04F79EFBC}") = "MG.Pipelines", "src\MG.Pipelines\MG.Pipelines.csproj", "{0A80B8C6-78BF-48BB-89B6-EFA5C338DE30}"
EndProject
Project("{FAE04EC0-301F-11D3-BF4B-00C04F79EFBC}") = "MG.Pipelines.Attribute", "src\MG.Pipelines.Attribute\MG.Pipelines.Attribute.csproj", "{111EC17F-5628-43AB-8719-D19D2C8C082C}"
EndProject
Project("{FAE04EC0-301F-11D3-BF4B-00C04F79EFBC}") = "MG.Pipelines.DependencyInjection", "src\MG.Pipelines.DependencyInjection\MG.Pipelines.DependencyInjection.csproj", "{4E194AF9-C63B-452F-9FC0-C2A4B7A77BFF}"
EndProject
Project("{FAE04EC0-301F-11D3-BF4B-00C04F79EFBC}") = "MG.Pipelines.Tests", "test\MG.Pipelines.Tests\MG.Pipelines.Tests.csproj", "{91503F72-677B-4D7D-B56B-3F6E59642702}"
EndProject
Project("{FAE04EC0-301F-11D3-BF4B-00C04F79EFBC}") = "MG.Pipelines.Attribute.Tests", "test\MG.Pipelines.Attribute.Tests\MG.Pipelines.Attribute.Tests.csproj", "{C16685AF-215D-4BF7-A0D0-EA88A152FEC1}"
EndProject
Project("{FAE04EC0-301F-11D3-BF4B-00C04F79EFBC}") = "MG.Pipelines.DependencyInjection.Tests", "test\MG.Pipelines.DependencyInjection.Tests\MG.Pipelines.DependencyInjection.Tests.csproj", "{8FA824E7-DB0D-42C0-9C11-F02EFE9993F4}"
EndProject
Project("{FAE04EC0-301F-11D3-BF4B-00C04F79EFBC}") = "MG.Pipelines.Configuration", "src\MG.Pipelines.Configuration\MG.Pipelines.Configuration.csproj", "{194CB5A1-93C8-4585-BBE3-AAD209C46E58}"
EndProject
Project("{FAE04EC0-301F-11D3-BF4B-00C04F79EFBC}") = "MG.Pipelines.Configuration.Tests", "test\MG.Pipelines.Configuration.Tests\MG.Pipelines.Configuration.Tests.csproj", "{81C3385A-B8A3-4FE8-A820-9689939FD596}"
EndProject
Project("{2150E333-8FDC-42A3-9474-1A3956D46DE8}") = "test", "test", "{02EA681E-C7D8-13C7-8484-4AC65E1B71E8}"
EndProject
Global
	GlobalSection(SolutionConfigurationPlatforms) = preSolution
		Debug|Any CPU = Debug|Any CPU
		Debug|x64 = Debug|x64
		Debug|x86 = Debug|x86
		Release|Any CPU = Release|Any CPU
		Release|x64 = Release|x64
		Release|x86 = Release|x86
	EndGlobalSection
	GlobalSection(ProjectConfigurationPlatforms) = postSolution
		{0A80B8C6-78BF-48BB-89B6-EFA5C338DE30}.Debug|Any CPU.ActiveCfg = Debug|Any CPU
		{0A80B8C6-78BF-48BB-89B6-EFA5C338DE30}.Debug|Any CPU.Build.0 = Debug|Any CPU
		{0A80B8C6-78BF-48BB-89B6-EFA5C338DE30}.Debug|x64.ActiveCfg = Debug|Any CPU
		{0A80B8C6-78BF-48BB-89B6-EFA5C338DE30}.Debug|x64.Build.0 = Debug|Any CPU
		{0A80B8C6-78BF-48BB-89B6-EFA5C338DE30}.Debug|x86.ActiveCfg = Debug|Any CPU
		{0A80B8C6-78BF-48BB-89B6-EFA5C338DE30}.Debug|x86.Build.0 = Debug|Any CPU
		{0A80B8C6-78BF-48BB-89B6-EFA5C338DE30}.Release|Any CPU.ActiveCfg = Release|Any CPU
		{0A80B8C6-78BF-48BB-89B6-EFA5C338DE30}.Release|Any CPU.Build.0 = Release|Any CPU
		{0A80B8C6-78BF-48BB-89B6-EFA5C338DE30}.Release|x64.ActiveCfg = Release|Any CPU
		{0A80B8C6-78BF-48BB-89B6-EFA5C338DE30}.Release|x64.Build.0 = Release|Any CPU
		{0A80B8C6-78BF-48BB-89B6-EFA5C338DE30}.Release|x86.ActiveCfg = Release|Any CPU
		{0A80B8C6-78BF-48BB-89B6-EFA5C338DE30}.Release|x86.Build.0 = Release|Any CPU
		{111EC17F-5628-43AB-8719-D19D2C8C082C}.Debug|Any CPU.ActiveCfg = Debug|Any CPU
		{111EC17F-5628-43AB-8719-D19D2C8C082C}.Debug|Any CPU.Build.0 = Debug|Any CPU
		{111EC17F-5628-43AB-8719-D19D2C8C082C}.Debug|x64.ActiveCfg = Debug|Any CPU
		{111EC17F-5628-43AB-8719-D19D2C8C082C}.Debug|x64.Build.0 = Debug|Any CPU
		{111EC17F-5628-43AB-8719-D19D2C8C082C}.Debug|x86.ActiveCfg = Debug|Any CPU
		{111EC17F-5628-43AB-8719-D19D2C8C082C}.Debug|x86.Build.0 = Debug|Any CPU
		{111EC17F-5628-43AB-8719-D19D2C8C082C}.Release|Any CPU.ActiveCfg = Release|Any CPU
		{111EC17F-5628-43AB-8719-D19D2C8C082C}.Release|Any CPU.Build.0 = Release|Any CPU
		{111EC17F-5628-43AB-8719-D19D2C8C082C}.Release|x64.ActiveCfg = Release|Any CPU
		{111EC17F-5628-43AB-8719-D19D2C8C082C}.Release|x64.Build.0 = Release|Any CPU
		{111EC17F-5628-43AB-8719-D19D2C8C082C}.Release|x86.ActiveCfg = Release|Any CPU
		{111EC17F-5628-43AB-8719-D19D2C8C082C}.Release|x86.Build.0 = Release|Any CPU
		{4E194AF9-C63B-452F-9FC0-C2A4B7A77BFF}.Debug|Any CPU.ActiveCfg = Debug|Any CPU
		{4E194AF9-C63B-452F-9FC0-C2A4B7A77BFF}.Debug|Any CPU.Build.0 = Debug|Any CPU
		{4E194AF9-C63B-452F-9FC0-C2A4B7A77BFF}.Debug|x64.ActiveCfg = Debug|Any CPU
		{4E194AF9-C63B-452F-9FC0-C2A4B7A77BFF}.Debug|x64.Build.0 = Debug|Any CPU
		{4E194AF9-C63B-452F-9FC0-C2A4B7A77BFF}.Debug|x86.ActiveCfg = Debug|Any CPU
		{4E194AF9-C63B-452F-9FC0-C2A4B7A77BFF}.Debug|x86.Build.0 = Debug|Any CPU
		{4E194AF9-C63B-452F-9FC0-C2A4B7A77BFF}.Release|Any CPU.ActiveCfg = Release|Any CPU
		{4E194AF9-C63B-452F-9FC0-C2A4B7A77BFF}.Release|Any CPU.Build.0 = Release|Any CPU
		{4E194AF9-C63B-452F-9FC0-C2A4B7A77BFF}.Release|x64.ActiveCfg = Release|Any CPU
		{4E194AF9-C63B-452F-9FC0-C2A4B7A77BFF}.Release|x64.Build.0 = Release|Any CPU
		{4E194AF9-C63B-452F-9FC0-C2A4B7A77BFF}.Release|x86.ActiveCfg = Release|Any CPU
		{4E194AF9-C63B-452F-9FC0-C2A4B7A77BFF}.Release|x86.Build.0 = Release|Any CPU
		{91503F72-677B-4D7D-B56B-3F6E59642702}.Debug|Any CPU.ActiveCfg = Debug|Any CPU
		{91503F72-677B-4D7D-B56B-3F6E59642702}.Debug|Any CPU.Build.0 = Debug|Any CPU
		{91503F72-677B-4D7D-B56B-3F6E59642702}.Debug|x64.ActiveCfg = Debug|Any CPU
		{91503F72-677B-4D7D-B56B-3F6E59642702}.Debug|x64.Build.0 = Debug|Any CPU
		{91503F72-677B-4D7D-B56B-3F6E59642702}.Debug|x86.ActiveCfg = Debug|Any CPU
		{91503F72-677B-4D7D-B56B-3F6E59642702}.Debug|x86.Build.0 = Debug|Any CPU
		{91503F72-677B-4D7D-B56B-3F6E59642702}.Release|Any CPU.ActiveCfg = Release|Any CPU
		{91503F72-677B-4D7D-B56B-3F6E59642702}.Release|Any CPU.Build.0 = Release|Any CPU
		{91503F72-677B-4D7D-B56B-3F6E59642702}.Release|x64.ActiveCfg = Release|Any CPU
		{91503F72-677B-4D7D-B56B-3F6E59642702}.Release|x64.Build.0 = Release|Any CPU
		{91503F72-677B-4D7D-B56B-3F6E59642702}.Release|x86.ActiveCfg = Release|Any CPU
		{91503F72-677B-4D7D-B56B-3F6E59642702}.Release|x86.Build.0 = Release|Any CPU
		{C16685AF-215D-4BF7-A0D0-EA88A152FEC1}.Debug|Any CPU.ActiveCfg = Debug|Any CPU
		{C16685AF-215D-4BF7-A0D0-EA88A152FEC1}.Debug|Any CPU.Build.0 = Debug|Any CPU
		{C16685AF-215D-4BF7-A0D0-EA88A152FEC1}.Debug|x64.ActiveCfg = Debug|Any CPU
		{C16685AF-215D-4BF7-A0D0-EA88A152FEC1}.Debug|x64.Build.0 = Debug|Any CPU
		{C16685AF-215D-4BF7-A0D0-EA88A152FEC1}.Debug|x86.ActiveCfg = Debug|Any CPU
		{C16685AF-215D-4BF7-A0D0-EA88A152FEC1}.Debug|x86.Build.0 = Debug|Any CPU
		{C16685AF-215D-4BF7-A0D0-EA88A152FEC1}.Release|Any CPU.ActiveCfg = Release|Any CPU
		{C16685AF-215D-4BF7-A0D0-EA88A152FEC1}.Release|Any CPU.Build.0 = Release|Any CPU
		{C16685AF-215D-4BF7-A0D0-EA88A152FEC1}.Release|x64.ActiveCfg = Release|Any CPU
		{C16685AF-215D-4BF7-A0D0-EA88A152FEC1}.Release|x64.Build.0 = Release|Any CPU
		{C16685AF-215D-4BF7-A0D0-EA88A152FEC1}.Release|x86.ActiveCfg = Release|Any CPU
		{C16685AF-215D-4BF7-A0D0-EA88A152FEC1}.Release|x86.Build.0 = Release|Any CPU
		{8FA824E7-DB0D-42C0-9C11-F02EFE9993F4}.Debug|Any CPU.ActiveCfg = Debug|Any CPU
		{8FA824E7-DB0D-42C0-9C11-F02EFE9993F4}.Debug|Any CPU.Build.0 = Debug|Any CPU
		{8FA824E7-DB0D-42C0-9C11-F02EFE9993F4}.Debug|x64.ActiveCfg = Debug|Any CPU
		{8FA824E7-DB0D-42C0-9C11-F02EFE9993F4}.Debug|x64.Build.0 = Debug|Any CPU
		{8FA824E7-DB0D-42C0-9C11-F02EFE9993F4}.Debug|x86.ActiveCfg = Debug|Any CPU
		{8FA824E7-DB0D-42C0-9C11-F02EFE9993F4}.Debug|x86.Build.0 = Debug|Any CPU
		{8FA824E7-DB0D-42C0-9C11-F02EFE9993F4}.Release|Any CPU.ActiveCfg = Release|Any CPU
		{8FA824E7-DB0D-42C0-9C11-F02EFE9993F4}.Release|Any CPU.Build.0 = Release|Any CPU
		{8FA824E7-DB0D-42C0-9C11-F02EFE9993F4}.Release|x64.ActiveCfg = Release|Any CPU
		{8FA824E7-DB0D-42C0-9C11-F02EFE9993F4}.Release|x64.Build.0 = Release|Any CPU
		{8FA824E7-DB0D-42C0-9C11-F02EFE9993F4}.Release|x86.ActiveCfg = Release|Any CPU
		{8FA824E7-DB0D-42C0-9C11-F02EFE9993F4}.Release|x86.Build.0 = Release|Any CPU
		{194CB5A1-93C8-4585-BBE3-AAD209C46E58}.Debug|Any CPU.ActiveCfg = Debug|Any CPU
		{194CB5A1-93C8-4585-BBE3-AAD209C46E58}.Debug|Any CPU.Build.0 = Debug|Any CPU
		{194CB5A1-93C8-4585-BBE3-AAD209C46E58}.Debug|x64.ActiveCfg = Debug|Any CPU
		{194CB5A1-93C8-4585-BBE3-AAD209C46E58}.Debug|x64.Build.0 = Debug|Any CPU
		{194CB5A1-93C8-4585-BBE3-AAD209C46E58}.Debug|x86.ActiveCfg = Debug|Any CPU
		{194CB5A1-93C8-4585-BBE3-AAD209C46E58}.Debug|x86.Build.0 = Debug|Any CPU
		{194CB5A1-93C8-4585-BBE3-AAD209C46E58}.Release|Any CPU.ActiveCfg = Release|Any CPU
		{194CB5A1-93C8-4585-BBE3-AAD209C46E58}.Release|Any CPU.Build.0 = Release|Any CPU
		{194CB5A1-93C8-4585-BBE3-AAD209C46E58}.Release|x64.ActiveCfg = Release|Any CPU
		{194CB5A1-93C8-4585-BBE3-AAD209C46E58}.Release|x64.Build.0 = Release|Any CPU
		{194CB5A1-93C8-4585-BBE3-AAD209C46E58}.Release|x86.ActiveCfg = Release|Any CPU
		{194CB5A1-93C8-4585-BBE3-AAD209C46E58}.Release|x86.Build.0 = Release|Any CPU
		{81C3385A-B8A3-4FE8-A820-9689939FD596}.Debug|Any CPU.ActiveCfg = Debug|Any CPU
		{81C3385A-B8A3-4FE8-A820-9689939FD596}.Debug|Any CPU.Build.0 = Debug|Any CPU
		{81C3385A-B8A3-4FE8-A820-9689939FD596}.Debug|x64.ActiveCfg = Debug|Any CPU
		{81C3385A-B8A3-4FE8-A820-9689939FD596}.Debug|x64.Build.0 = Debug|Any CPU
		{81C3385A-B8A3-4FE8-A820-9689939FD596}.Debug|x86.ActiveCfg = Debug|Any CPU
		{81C3385A-B8A3-4FE8-A820-9689939FD596}.Debug|x86.Build.0 = Debug|Any CPU
		{81C3385A-B8A3-4FE8-A820-9689939FD596}.Release|Any CPU.ActiveCfg = Release|Any CPU
		{81C3385A-B8A3-4FE8-A820-9689939FD596}.Release|Any CPU.Build.0 = Release|Any CPU
		{81C3385A-B8A3-4FE8-A820-9689939FD596}.Release|x64.ActiveCfg = Release|Any CPU
		{81C3385A-B8A3-4FE8-A820-9689939FD596}.Release|x64.Build.0 = Release|Any CPU
		{81C3385A-B8A3-4FE8-A820-9689939FD596}.Release|x86.ActiveCfg = Release|Any CPU
		{81C3385A-B8A3-4FE8-A820-9689939FD596}.Release|x86.Build.0 = Release|Any CPU
	EndGlobalSection
	GlobalSection(SolutionProperties) = preSolution
		HideSolutionNode = FALSE
	EndGlobalSection
	GlobalSection(NestedProjects) = preSolution
		{0A80B8C6-78BF-48BB-89B6-EFA5C338DE30} = {827E0CD3-B72D-47B6-A68D-7590B98EB39B}
		{111EC17F-5628-43AB-8719-D19D2C8C082C} = {827E0CD3-B72D-47B6-A68D-7590B98EB39B}
		{4E194AF9-C63B-452F-9FC0-C2A4B7A77BFF} = {827E0CD3-B72D-47B6-A68D-7590B98EB39B}
		{91503F72-677B-4D7D-B56B-3F6E59642702} = {02EA681E-C7D8-13C7-8484-4AC65E1B71E8}
		{C16685AF-215D-4BF7-A0D0-EA88A152FEC1} = {02EA681E-C7D8-13C7-8484-4AC65E1B71E8}
		{8FA824E7-DB0D-42C0-9C11-F02EFE9993F4} = {02EA681E-C7D8-13C7-8484-4AC65E1B71E8}
		{194CB5A1-93C8-4585-BBE3-AAD209C46E58} = {827E0CD3-B72D-47B6-A68D-7590B98EB39B}
		{81C3385A-B8A3-4FE8-A820-9689939FD596} = {02EA681E-C7D8-13C7-8484-4AC65E1B71E8}
	EndGlobalSection
EndGlobal
